// !$*UTF8*$!
{
	archiveVersion = 1;
	classes = {
	};
	objectVersion = 50;
	objects = {

/* Begin PBXBuildFile section */
		6A9B2E2B236BD341005FBEF1 /* AppDelegate.m in Sources */ = {isa = PBXBuildFile; fileRef = 6A9B2E2A236BD341005FBEF1 /* AppDelegate.m */; };
		6A9B2E2E236BD341005FBEF1 /* ViewController.m in Sources */ = {isa = PBXBuildFile; fileRef = 6A9B2E2D236BD341005FBEF1 /* ViewController.m */; };
		6A9B2E31236BD341005FBEF1 /* Main.storyboard in Resources */ = {isa = PBXBuildFile; fileRef = 6A9B2E2F236BD341005FBEF1 /* Main.storyboard */; };
		6A9B2E33236BD35E005FBEF1 /* Assets.xcassets in Resources */ = {isa = PBXBuildFile; fileRef = 6A9B2E32236BD35E005FBEF1 /* Assets.xcassets */; };
		6A9B2E36236BD35E005FBEF1 /* LaunchScreen.storyboard in Resources */ = {isa = PBXBuildFile; fileRef = 6A9B2E34236BD35E005FBEF1 /* LaunchScreen.storyboard */; };
		6A9B2E39236BD35E005FBEF1 /* main.m in Sources */ = {isa = PBXBuildFile; fileRef = 6A9B2E38236BD35E005FBEF1 /* main.m */; };
		6A9B2E4B236BD3C1005FBEF1 /* XRCollectionViewFallLayout.framework in Frameworks */ = {isa = PBXBuildFile; fileRef = 6A9B2E44236BD3C1005FBEF1 /* XRCollectionViewFallLayout.framework */; };
		6A9B2E53236BD413005FBEF1 /* XRCollectionViewFallLayout.h in Headers */ = {isa = PBXBuildFile; fileRef = 6A9B2E51236BD413005FBEF1 /* XRCollectionViewFallLayout.h */; settings = {ATTRIBUTES = (Public, ); }; };
		6A9B2E54236BD413005FBEF1 /* XRCollectionViewFallLayout.m in Sources */ = {isa = PBXBuildFile; fileRef = 6A9B2E52236BD413005FBEF1 /* XRCollectionViewFallLayout.m */; };
		6A9B2E57236C1942005FBEF1 /* ProductModel.m in Sources */ = {isa = PBXBuildFile; fileRef = 6A9B2E56236C1942005FBEF1 /* ProductModel.m */; };
		6A9B2E5A236C198E005FBEF1 /* ProductViewCell.m in Sources */ = {isa = PBXBuildFile; fileRef = 6A9B2E59236C198E005FBEF1 /* ProductViewCell.m */; };
/* End PBXBuildFile section */

/* Begin PBXCopyFilesBuildPhase section */
		6A9B2E50236BD3C1005FBEF1 /* Embed Frameworks */ = {
			isa = PBXCopyFilesBuildPhase;
			buildActionMask = 2147483647;
			dstPath = "";
			dstSubfolderSpec = 10;
			files = (
			);
			name = "Embed Frameworks";
			runOnlyForDeploymentPostprocessing = 0;
		};
/* End PBXCopyFilesBuildPhase section */

/* Begin PBXFileReference section */
		6A9B2E26236BD341005FBEF1 /* CollectionViewFallLayout.app */ = {isa = PBXFileReference; explicitFileType = wrapper.application; includeInIndex = 0; path = CollectionViewFallLayout.app; sourceTree = BUILT_PRODUCTS_DIR; };
		6A9B2E29236BD341005FBEF1 /* AppDelegate.h */ = {isa = PBXFileReference; lastKnownFileType = sourcecode.c.h; path = AppDelegate.h; sourceTree = "<group>"; };
		6A9B2E2A236BD341005FBEF1 /* AppDelegate.m */ = {isa = PBXFileReference; lastKnownFileType = sourcecode.c.objc; path = AppDelegate.m; sourceTree = "<group>"; };
		6A9B2E2C236BD341005FBEF1 /* ViewController.h */ = {isa = PBXFileReference; lastKnownFileType = sourcecode.c.h; path = ViewController.h; sourceTree = "<group>"; };
		6A9B2E2D236BD341005FBEF1 /* ViewController.m */ = {isa = PBXFileReference; lastKnownFileType = sourcecode.c.objc; path = ViewController.m; sourceTree = "<group>"; };
		6A9B2E30236BD341005FBEF1 /* Base */ = {isa = PBXFileReference; lastKnownFileType = file.storyboard; name = Base; path = Base.lproj/Main.storyboard; sourceTree = "<group>"; };
		6A9B2E32236BD35E005FBEF1 /* Assets.xcassets */ = {isa = PBXFileReference; lastKnownFileType = folder.assetcatalog; path = Assets.xcassets; sourceTree = "<group>"; };
		6A9B2E35236BD35E005FBEF1 /* Base */ = {isa = PBXFileReference; lastKnownFileType = file.storyboard; name = Base; path = Base.lproj/LaunchScreen.storyboard; sourceTree = "<group>"; };
		6A9B2E37236BD35E005FBEF1 /* Info.plist */ = {isa = PBXFileReference; lastKnownFileType = text.plist.xml; path = Info.plist; sourceTree = "<group>"; };
		6A9B2E38236BD35E005FBEF1 /* main.m */ = {isa = PBXFileReference; lastKnownFileType = sourcecode.c.objc; path = main.m; sourceTree = "<group>"; };
		6A9B2E44236BD3C1005FBEF1 /* XRCollectionViewFallLayout.framework */ = {isa = PBXFileReference; explicitFileType = wrapper.framework; includeInIndex = 0; path = XRCollectionViewFallLayout.framework; sourceTree = BUILT_PRODUCTS_DIR; };
		6A9B2E47236BD3C1005FBEF1 /* Info.plist */ = {isa = PBXFileReference; lastKnownFileType = text.plist.xml; path = Info.plist; sourceTree = "<group>"; };
		6A9B2E51236BD413005FBEF1 /* XRCollectionViewFallLayout.h */ = {isa = PBXFileReference; lastKnownFileType = sourcecode.c.h; path = XRCollectionViewFallLayout.h; sourceTree = "<group>"; };
		6A9B2E52236BD413005FBEF1 /* XRCollectionViewFallLayout.m */ = {isa = PBXFileReference; lastKnownFileType = sourcecode.c.objc; path = XRCollectionViewFallLayout.m; sourceTree = "<group>"; };
		6A9B2E55236C1942005FBEF1 /* ProductModel.h */ = {isa = PBXFileReference; lastKnownFileType = sourcecode.c.h; path = ProductModel.h; sourceTree = "<group>"; };
		6A9B2E56236C1942005FBEF1 /* ProductModel.m */ = {isa = PBXFileReference; lastKnownFileType = sourcecode.c.objc; path = ProductModel.m; sourceTree = "<group>"; };
		6A9B2E58236C198E005FBEF1 /* ProductViewCell.h */ = {isa = PBXFileReference; lastKnownFileType = sourcecode.c.h; path = ProductViewCell.h; sourceTree = "<group>"; };
		6A9B2E59236C198E005FBEF1 /* ProductViewCell.m */ = {isa = PBXFileReference; lastKnownFileType = sourcecode.c.objc; path = ProductViewCell.m; sourceTree = "<group>"; };
/* End PBXFileReference section */

/* Begin PBXFrameworksBuildPhase section */
		6A9B2E23236BD341005FBEF1 /* Frameworks */ = {
			isa = PBXFrameworksBuildPhase;
			buildActionMask = 2147483647;
			files = (
				6A9B2E4B236BD3C1005FBEF1 /* XRCollectionViewFallLayout.framework in Frameworks */,
			);
			runOnlyForDeploymentPostprocessing = 0;
		};
		6A9B2E41236BD3C1005FBEF1 /* Frameworks */ = {
			isa = PBXFrameworksBuildPhase;
			buildActionMask = 2147483647;
			files = (
			);
			runOnlyForDeploymentPostprocessing = 0;
		};
/* End PBXFrameworksBuildPhase section */

/* Begin PBXGroup section */
		6A9B2E1D236BD340005FBEF1 = {
			isa = PBXGroup;
			children = (
				6A9B2E28236BD341005FBEF1 /* CollectionViewFallLayout */,
				6A9B2E45236BD3C1005FBEF1 /* XRCollectionViewFallLayout */,
				6A9B2E27236BD341005FBEF1 /* Products */,
			);
			sourceTree = "<group>";
		};
		6A9B2E27236BD341005FBEF1 /* Products */ = {
			isa = PBXGroup;
			children = (
				6A9B2E26236BD341005FBEF1 /* CollectionViewFallLayout.app */,
				6A9B2E44236BD3C1005FBEF1 /* XRCollectionViewFallLayout.framework */,
			);
			name = Products;
			sourceTree = "<group>";
		};
		6A9B2E28236BD341005FBEF1 /* CollectionViewFallLayout */ = {
			isa = PBXGroup;
			children = (
				6A9B2E29236BD341005FBEF1 /* AppDelegate.h */,
				6A9B2E2A236BD341005FBEF1 /* AppDelegate.m */,
				6A9B2E2C236BD341005FBEF1 /* ViewController.h */,
				6A9B2E2D236BD341005FBEF1 /* ViewController.m */,
				6A9B2E55236C1942005FBEF1 /* ProductModel.h */,
				6A9B2E56236C1942005FBEF1 /* ProductModel.m */,
				6A9B2E58236C198E005FBEF1 /* ProductViewCell.h */,
				6A9B2E59236C198E005FBEF1 /* ProductViewCell.m */,
				6A9B2E2F236BD341005FBEF1 /* Main.storyboard */,
				6A9B2E32236BD35E005FBEF1 /* Assets.xcassets */,
				6A9B2E34236BD35E005FBEF1 /* LaunchScreen.storyboard */,
				6A9B2E37236BD35E005FBEF1 /* Info.plist */,
				6A9B2E38236BD35E005FBEF1 /* main.m */,
			);
			path = CollectionViewFallLayout;
			sourceTree = "<group>";
		};
		6A9B2E45236BD3C1005FBEF1 /* XRCollectionViewFallLayout */ = {
			isa = PBXGroup;
			children = (
				6A9B2E47236BD3C1005FBEF1 /* Info.plist */,
				6A9B2E51236BD413005FBEF1 /* XRCollectionViewFallLayout.h */,
				6A9B2E52236BD413005FBEF1 /* XRCollectionViewFallLayout.m */,
			);
			path = XRCollectionViewFallLayout;
			sourceTree = "<group>";
		};
/* End PBXGroup section */

/* Begin PBXHeadersBuildPhase section */
		6A9B2E3F236BD3C1005FBEF1 /* Headers */ = {
			isa = PBXHeadersBuildPhase;
			buildActionMask = 2147483647;
			files = (
				6A9B2E53236BD413005FBEF1 /* XRCollectionViewFallLayout.h in Headers */,
			);
			runOnlyForDeploymentPostprocessing = 0;
		};
/* End PBXHeadersBuildPhase section */

/* Begin PBXNativeTarget section */
		6A9B2E25236BD341005FBEF1 /* CollectionViewFallLayout */ = {
			isa = PBXNativeTarget;
			buildConfigurationList = 6A9B2E3C236BD35E005FBEF1 /* Build configuration list for PBXNativeTarget "CollectionViewFallLayout" */;
			buildPhases = (
				6A9B2E22236BD341005FBEF1 /* Sources */,
				6A9B2E23236BD341005FBEF1 /* Frameworks */,
				6A9B2E24236BD341005FBEF1 /* Resources */,
				6A9B2E50236BD3C1005FBEF1 /* Embed Frameworks */,
			);
			buildRules = (
			);
			dependencies = (
			);
			name = CollectionViewFallLayout;
			productName = CollectionViewFallLayout;
			productReference = 6A9B2E26236BD341005FBEF1 /* CollectionViewFallLayout.app */;
			productType = "com.apple.product-type.application";
		};
		6A9B2E43236BD3C1005FBEF1 /* XRCollectionViewFallLayout */ = {
			isa = PBXNativeTarget;
			buildConfigurationList = 6A9B2E4D236BD3C1005FBEF1 /* Build configuration list for PBXNativeTarget "XRCollectionViewFallLayout" */;
			buildPhases = (
				6A9B2E3F236BD3C1005FBEF1 /* Headers */,
				6A9B2E40236BD3C1005FBEF1 /* Sources */,
				6A9B2E41236BD3C1005FBEF1 /* Frameworks */,
				6A9B2E42236BD3C1005FBEF1 /* Resources */,
			);
			buildRules = (
			);
			dependencies = (
			);
			name = XRCollectionViewFallLayout;
			productName = XRCollectionViewFallLayout;
			productReference = 6A9B2E44236BD3C1005FBEF1 /* XRCollectionViewFallLayout.framework */;
			productType = "com.apple.product-type.framework";
		};
/* End PBXNativeTarget section */

/* Begin PBXProject section */
		6A9B2E1E236BD340005FBEF1 /* Project object */ = {
			isa = PBXProject;
			attributes = {
				LastUpgradeCheck = 1020;
				ORGANIZATIONNAME = LL;
				TargetAttributes = {
					6A9B2E25236BD341005FBEF1 = {
						CreatedOnToolsVersion = 10.2;
					};
					6A9B2E43236BD3C1005FBEF1 = {
						CreatedOnToolsVersion = 10.2;
					};
				};
			};
			buildConfigurationList = 6A9B2E21236BD340005FBEF1 /* Build configuration list for PBXProject "CollectionViewFallLayout" */;
			compatibilityVersion = "Xcode 9.3";
			developmentRegion = en;
			hasScannedForEncodings = 0;
			knownRegions = (
				en,
				Base,
			);
			mainGroup = 6A9B2E1D236BD340005FBEF1;
			productRefGroup = 6A9B2E27236BD341005FBEF1 /* Products */;
			projectDirPath = "";
			projectRoot = "";
			targets = (
				6A9B2E25236BD341005FBEF1 /* CollectionViewFallLayout */,
				6A9B2E43236BD3C1005FBEF1 /* XRCollectionViewFallLayout */,
			);
		};
/* End PBXProject section */

/* Begin PBXResourcesBuildPhase section */
		6A9B2E24236BD341005FBEF1 /* Resources */ = {
			isa = PBXResourcesBuildPhase;
			buildActionMask = 2147483647;
			files = (
				6A9B2E36236BD35E005FBEF1 /* LaunchScreen.storyboard in Resources */,
				6A9B2E33236BD35E005FBEF1 /* Assets.xcassets in Resources */,
				6A9B2E31236BD341005FBEF1 /* Main.storyboard in Resources */,
			);
			runOnlyForDeploymentPostprocessing = 0;
		};
		6A9B2E42236BD3C1005FBEF1 /* Resources */ = {
			isa = PBXResourcesBuildPhase;
			buildActionMask = 2147483647;
			files = (
			);
			runOnlyForDeploymentPostprocessing = 0;
		};
/* End PBXResourcesBuildPhase section */

/* Begin PBXSourcesBuildPhase section */
		6A9B2E22236BD341005FBEF1 /* Sources */ = {
			isa = PBXSourcesBuildPhase;
			buildActionMask = 2147483647;
			files = (
				6A9B2E2E236BD341005FBEF1 /* ViewController.m in Sources */,
				6A9B2E39236BD35E005FBEF1 /* main.m in Sources */,
				6A9B2E2B236BD341005FBEF1 /* AppDelegate.m in Sources */,
				6A9B2E5A236C198E005FBEF1 /* ProductViewCell.m in Sources */,
				6A9B2E57236C1942005FBEF1 /* ProductModel.m in Sources */,
			);
			runOnlyForDeploymentPostprocessing = 0;
		};
		6A9B2E40236BD3C1005FBEF1 /* Sources */ = {
			isa = PBXSourcesBuildPhase;
			buildActionMask = 2147483647;
			files = (
				6A9B2E54236BD413005FBEF1 /* XRCollectionViewFallLayout.m in Sources */,
			);
			runOnlyForDeploymentPostprocessing = 0;
		};
/* End PBXSourcesBuildPhase section */

/* Begin PBXVariantGroup section */
		6A9B2E2F236BD341005FBEF1 /* Main.storyboard */ = {
			isa = PBXVariantGroup;
			children = (
				6A9B2E30236BD341005FBEF1 /* Base */,
			);
			name = Main.storyboard;
			sourceTree = "<group>";
		};
		6A9B2E34236BD35E005FBEF1 /* LaunchScreen.storyboard */ = {
			isa = PBXVariantGroup;
			children = (
				6A9B2E35236BD35E005FBEF1 /* Base */,
			);
			name = LaunchScreen.storyboard;
			sourceTree = "<group>";
		};
/* End PBXVariantGroup section */

/* Begin XCBuildConfiguration section */
		6A9B2E3A236BD35E005FBEF1 /* Debug */ = {
			isa = XCBuildConfiguration;
			buildSettings = {
				ALWAYS_SEARCH_USER_PATHS = NO;
				CLANG_ANALYZER_NONNULL = YES;
				CLANG_ANALYZER_NUMBER_OBJECT_CONVERSION = YES_AGGRESSIVE;
				CLANG_CXX_LANGUAGE_STANDARD = "gnu++14";
				CLANG_CXX_LIBRARY = "libc++";
				CLANG_ENABLE_MODULES = YES;
				CLANG_ENABLE_OBJC_ARC = YES;
				CLANG_ENABLE_OBJC_WEAK = YES;
				CLANG_WARN_BLOCK_CAPTURE_AUTORELEASING = YES;
				CLANG_WARN_BOOL_CONVERSION = YES;
				CLANG_WARN_COMMA = YES;
				CLANG_WARN_CONSTANT_CONVERSION = YES;
				CLANG_WARN_DEPRECATED_OBJC_IMPLEMENTATIONS = YES;
				CLANG_WARN_DIRECT_OBJC_ISA_USAGE = YES_ERROR;
				CLANG_WARN_DOCUMENTATION_COMMENTS = YES;
				CLANG_WARN_EMPTY_BODY = YES;
				CLANG_WARN_ENUM_CONVERSION = YES;
				CLANG_WARN_INFINITE_RECURSION = YES;
				CLANG_WARN_INT_CONVERSION = YES;
				CLANG_WARN_NON_LITERAL_NULL_CONVERSION = YES;
				CLANG_WARN_OBJC_IMPLICIT_RETAIN_SELF = YES;
				CLANG_WARN_OBJC_LITERAL_CONVERSION = YES;
				CLANG_WARN_OBJC_ROOT_CLASS = YES_ERROR;
				CLANG_WARN_RANGE_LOOP_ANALYSIS = YES;
				CLANG_WARN_STRICT_PROTOTYPES = YES;
				CLANG_WARN_SUSPICIOUS_MOVE = YES;
				CLANG_WARN_UNGUARDED_AVAILABILITY = YES_AGGRESSIVE;
				CLANG_WARN_UNREACHABLE_CODE = YES;
				CLANG_WARN__DUPLICATE_METHOD_MATCH = YES;
				CODE_SIGN_IDENTITY = "iPhone Developer";
				COPY_PHASE_STRIP = NO;
				DEBUG_INFORMATION_FORMAT = dwarf;
				ENABLE_STRICT_OBJC_MSGSEND = YES;
				ENABLE_TESTABILITY = YES;
				GCC_C_LANGUAGE_STANDARD = gnu11;
				GCC_DYNAMIC_NO_PIC = NO;
				GCC_NO_COMMON_BLOCKS = YES;
				GCC_OPTIMIZATION_LEVEL = 0;
				GCC_PREPROCESSOR_DEFINITIONS = (
					"DEBUG=1",
					"$(inherited)",
				);
				GCC_WARN_64_TO_32_BIT_CONVERSION = YES;
				GCC_WARN_ABOUT_RETURN_TYPE = YES_ERROR;
				GCC_WARN_UNDECLARED_SELECTOR = YES;
				GCC_WARN_UNINITIALIZED_AUTOS = YES_AGGRESSIVE;
				GCC_WARN_UNUSED_FUNCTION = YES;
				GCC_WARN_UNUSED_VARIABLE = YES;
				IPHONEOS_DEPLOYMENT_TARGET = 12.2;
				MTL_ENABLE_DEBUG_INFO = INCLUDE_SOURCE;
				MTL_FAST_MATH = YES;
				ONLY_ACTIVE_ARCH = YES;
				SDKROOT = iphoneos;
			};
			name = Debug;
		};
		6A9B2E3B236BD35E005FBEF1 /* Release */ = {
			isa = XCBuildConfiguration;
			buildSettings = {
				ALWAYS_SEARCH_USER_PATHS = NO;
				CLANG_ANALYZER_NONNULL = YES;
				CLANG_ANALYZER_NUMBER_OBJECT_CONVERSION = YES_AGGRESSIVE;
				CLANG_CXX_LANGUAGE_STANDARD = "gnu++14";
				CLANG_CXX_LIBRARY = "libc++";
				CLANG_ENABLE_MODULES = YES;
				CLANG_ENABLE_OBJC_ARC = YES;
				CLANG_ENABLE_OBJC_WEAK = YES;
				CLANG_WARN_BLOCK_CAPTURE_AUTORELEASING = YES;
				CLANG_WARN_BOOL_CONVERSION = YES;
				CLANG_WARN_COMMA = YES;
				CLANG_WARN_CONSTANT_CONVERSION = YES;
				CLANG_WARN_DEPRECATED_OBJC_IMPLEMENTATIONS = YES;
				CLANG_WARN_DIRECT_OBJC_ISA_USAGE = YES_ERROR;
				CLANG_WARN_DOCUMENTATION_COMMENTS = YES;
				CLANG_WARN_EMPTY_BODY = YES;
				CLANG_WARN_ENUM_CONVERSION = YES;
				CLANG_WARN_INFINITE_RECURSION = YES;
				CLANG_WARN_INT_CONVERSION = YES;
				CLANG_WARN_NON_LITERAL_NULL_CONVERSION = YES;
				CLANG_WARN_OBJC_IMPLICIT_RETAIN_SELF = YES;
				CLANG_WARN_OBJC_LITERAL_CONVERSION = YES;
				CLANG_WARN_OBJC_ROOT_CLASS = YES_ERROR;
				CLANG_WARN_RANGE_LOOP_ANALYSIS = YES;
				CLANG_WARN_STRICT_PROTOTYPES = YES;
				CLANG_WARN_SUSPICIOUS_MOVE = YES;
				CLANG_WARN_UNGUARDED_AVAILABILITY = YES_AGGRESSIVE;
				CLANG_WARN_UNREACHABLE_CODE = YES;
				CLANG_WARN__DUPLICATE_METHOD_MATCH = YES;
				CODE_SIGN_IDENTITY = "iPhone Developer";
				COPY_PHASE_STRIP = NO;
				DEBUG_INFORMATION_FORMAT = "dwarf-with-dsym";
				ENABLE_NS_ASSERTIONS = NO;
				ENABLE_STRICT_OBJC_MSGSEND = YES;
				GCC_C_LANGUAGE_STANDARD = gnu11;
				GCC_NO_COMMON_BLOCKS = YES;
				GCC_WARN_64_TO_32_BIT_CONVERSION = YES;
				GCC_WARN_ABOUT_RETURN_TYPE = YES_ERROR;
				GCC_WARN_UNDECLARED_SELECTOR = YES;
				GCC_WARN_UNINITIALIZED_AUTOS = YES_AGGRESSIVE;
				GCC_WARN_UNUSED_FUNCTION = YES;
				GCC_WARN_UNUSED_VARIABLE = YES;
				IPHONEOS_DEPLOYMENT_TARGET = 12.2;
				MTL_ENABLE_DEBUG_INFO = NO;
				MTL_FAST_MATH = YES;
				SDKROOT = iphoneos;
				VALIDATE_PRODUCT = YES;
			};
			name = Release;
		};
		6A9B2E3D236BD35E005FBEF1 /* Debug */ = {
			isa = XCBuildConfiguration;
			buildSettings = {
				ASSETCATALOG_COMPILER_APPICON_NAME = AppIcon;
				CODE_SIGN_STYLE = Manual;
				DEVELOPMENT_TEAM = MFJCTVDYG8;
				INFOPLIST_FILE = CollectionViewFallLayout/Info.plist;
				IPHONEOS_DEPLOYMENT_TARGET = 8.0;
				LD_RUNPATH_SEARCH_PATHS = (
					"$(inherited)",
					"@executable_path/Frameworks",
				);
				PRODUCT_BUNDLE_IDENTIFIER = com.richinfo.CollectionViewFallLayout;
				PRODUCT_NAME = "$(TARGET_NAME)";
				PROVISIONING_PROFILE_SPECIFIER = "通用profile";
				TARGETED_DEVICE_FAMILY = "1,2";
			};
			name = Debug;
		};
		6A9B2E3E236BD35E005FBEF1 /* Release */ = {
			isa = XCBuildConfiguration;
			buildSettings = {
				ASSETCATALOG_COMPILER_APPICON_NAME = AppIcon;
				CODE_SIGN_STYLE = Manual;
				DEVELOPMENT_TEAM = MFJCTVDYG8;
				INFOPLIST_FILE = CollectionViewFallLayout/Info.plist;
				IPHONEOS_DEPLOYMENT_TARGET = 8.0;
				LD_RUNPATH_SEARCH_PATHS = (
					"$(inherited)",
					"@executable_path/Frameworks",
				);
				PRODUCT_BUNDLE_IDENTIFIER = com.richinfo.CollectionViewFallLayout;
				PRODUCT_NAME = "$(TARGET_NAME)";
				PROVISIONING_PROFILE_SPECIFIER = "通用profile";
				TARGETED_DEVICE_FAMILY = "1,2";
			};
			name = Release;
		};
		6A9B2E4E236BD3C1005FBEF1 /* Debug */ = {
			isa = XCBuildConfiguration;
			buildSettings = {
				CODE_SIGN_IDENTITY = "";
				CODE_SIGN_STYLE = Manual;
				CURRENT_PROJECT_VERSION = 1;
				DEFINES_MODULE = YES;
				DEVELOPMENT_TEAM = "";
				DYLIB_COMPATIBILITY_VERSION = 1;
				DYLIB_CURRENT_VERSION = 1;
				INFOPLIST_FILE = XRCollectionViewFallLayout/Info.plist;
				INSTALL_PATH = "$(LOCAL_LIBRARY_DIR)/Frameworks";
				IPHONEOS_DEPLOYMENT_TARGET = 8.0;
				MACH_O_TYPE = staticlib;
				PRODUCT_BUNDLE_IDENTIFIER = com.richinfo.XRCollectionViewFallLayout;
				PRODUCT_NAME = "$(TARGET_NAME:c99extidentifier)";
				PROVISIONING_PROFILE_SPECIFIER = "";
				SKIP_INSTALL = YES;
				TARGETED_DEVICE_FAMILY = "1,2";
				VERSIONING_SYSTEM = "apple-generic";
				VERSION_INFO_PREFIX = "";
			};
			name = Debug;
		};
		6A9B2E4F236BD3C1005FBEF1 /* Release */ = {
			isa = XCBuildConfiguration;
			buildSettings = {
				CODE_SIGN_IDENTITY = "";
				CODE_SIGN_STYLE = Manual;
				CURRENT_PROJECT_VERSION = 1;
				DEFINES_MODULE = YES;
				DEVELOPMENT_TEAM = "";
				DYLIB_COMPATIBILITY_VERSION = 1;
				DYLIB_CURRENT_VERSION = 1;
				INFOPLIST_FILE = XRCollectionViewFallLayout/Info.plist;
				INSTALL_PATH = "$(LOCAL_LIBRARY_DIR)/Frameworks";
				IPHONEOS_DEPLOYMENT_TARGET = 8.0;
				MACH_O_TYPE = staticlib;
				PRODUCT_BUNDLE_IDENTIFIER = com.richinfo.XRCollectionViewFallLayout;
				PRODUCT_NAME = "$(TARGET_NAME:c99extidentifier)";
				PROVISIONING_PROFILE_SPECIFIER = "";
				SKIP_INSTALL = YES;
				TARGETED_DEVICE_FAMILY = "1,2";
				VERSIONING_SYSTEM = "apple-generic";
				VERSION_INFO_PREFIX = "";
			};
			name = Release;
		};
/* End XCBuildConfiguration section */

/* Begin XCConfigurationList section */
		6A9B2E21236BD340005FBEF1 /* Build configuration list for PBXProject "CollectionViewFallLayout" */ = {
			isa = XCConfigurationList;
			buildConfigurations = (
				6A9B2E3A236BD35E005FBEF1 /* Debug */,
				6A9B2E3B236BD35E005FBEF1 /* Release */,
			);
			defaultConfigurationIsVisible = 0;
			defaultConfigurationName = Release;
		};
		6A9B2E3C236BD35E005FBEF1 /* Build configuration list for PBXNativeTarget "CollectionViewFallLayout" */ = {
			isa = XCConfigurationList;
			buildConfigurations = (
				6A9B2E3D236BD35E005FBEF1 /* Debug */,
				6A9B2E3E236BD35E005FBEF1 /* Release */,
			);
			defaultConfigurationIsVisible = 0;
			defaultConfigurationName = Release;
		};
		6A9B2E4D236BD3C1005FBEF1 /* Build configuration list for PBXNativeTarget "XRCollectionViewFallLayout" */ = {
			isa = XCConfigurationList;
			buildConfigurations = (
				6A9B2E4E236BD3C1005FBEF1 /* Debug */,
				6A9B2E4F236BD3C1005FBEF1 /* Release */,
			);
			defaultConfigurationIsVisible = 0;
			defaultConfigurationName = Release;
		};
/* End XCConfigurationList section */
	};
	rootObject = 6A9B2E1E236BD340005FBEF1 /* Project object */;
}
